// !$*UTF8*$!
{
	archiveVersion = 1;
	classes = {
	};
	objectVersion = 50;
	objects = {

/* Begin PBXBuildFile section */
		7356DA20238306AD002A5BE9 /* CoinMarketCapService.swift in Sources */ = {isa = PBXBuildFile; fileRef = 7356DA1F238306AD002A5BE9 /* CoinMarketCapService.swift */; };
		7356DA2223830779002A5BE9 /* Cryptocurrency.swift in Sources */ = {isa = PBXBuildFile; fileRef = 7356DA2123830779002A5BE9 /* Cryptocurrency.swift */; };
		7356DA2423830A92002A5BE9 /* ItemsViewModel.swift in Sources */ = {isa = PBXBuildFile; fileRef = 7356DA2323830A92002A5BE9 /* ItemsViewModel.swift */; };
		7356DA2D2383310D002A5BE9 /* Item.swift in Sources */ = {isa = PBXBuildFile; fileRef = 7356DA2C2383310D002A5BE9 /* Item.swift */; };
		7356DA3123833A4B002A5BE9 /* ItemView.swift in Sources */ = {isa = PBXBuildFile; fileRef = 7356DA3023833A4B002A5BE9 /* ItemView.swift */; };
		7356DA3323833C8F002A5BE9 /* CoinbaseService.swift in Sources */ = {isa = PBXBuildFile; fileRef = 7356DA3223833C8F002A5BE9 /* CoinbaseService.swift */; };
		735F595C23846CF8009D4829 /* Preferences.swift in Sources */ = {isa = PBXBuildFile; fileRef = 735F595B23846CF8009D4829 /* Preferences.swift */; };
		735F595E23846E25009D4829 /* Currency.swift in Sources */ = {isa = PBXBuildFile; fileRef = 735F595D23846E25009D4829 /* Currency.swift */; };
		7387D0E423805459007D4B18 /* AppDelegate.swift in Sources */ = {isa = PBXBuildFile; fileRef = 7387D0E323805459007D4B18 /* AppDelegate.swift */; };
		7387D0E623805459007D4B18 /* ContentView.swift in Sources */ = {isa = PBXBuildFile; fileRef = 7387D0E523805459007D4B18 /* ContentView.swift */; };
		7387D0E82380545B007D4B18 /* Assets.xcassets in Resources */ = {isa = PBXBuildFile; fileRef = 7387D0E72380545B007D4B18 /* Assets.xcassets */; };
		7387D0EB2380545B007D4B18 /* Preview Assets.xcassets in Resources */ = {isa = PBXBuildFile; fileRef = 7387D0EA2380545B007D4B18 /* Preview Assets.xcassets */; };
		7387D0EE2380545B007D4B18 /* Main.storyboard in Resources */ = {isa = PBXBuildFile; fileRef = 7387D0EC2380545B007D4B18 /* Main.storyboard */; };
		738F50B723892D2C001B42D4 /* Helper.swift in Sources */ = {isa = PBXBuildFile; fileRef = 738F50B623892D2C001B42D4 /* Helper.swift */; };
		73E56A9B23874DD400FC951C /* SettingView.swift in Sources */ = {isa = PBXBuildFile; fileRef = 73E56A9A23874DD400FC951C /* SettingView.swift */; };
		73ECE3852385F76300A8DD2E /* PreferencesViewModel.swift in Sources */ = {isa = PBXBuildFile; fileRef = 73ECE3842385F76300A8DD2E /* PreferencesViewModel.swift */; };
/* End PBXBuildFile section */

/* Begin PBXFileReference section */
		7356DA1F238306AD002A5BE9 /* CoinMarketCapService.swift */ = {isa = PBXFileReference; lastKnownFileType = sourcecode.swift; path = CoinMarketCapService.swift; sourceTree = "<group>"; };
		7356DA2123830779002A5BE9 /* Cryptocurrency.swift */ = {isa = PBXFileReference; lastKnownFileType = sourcecode.swift; path = Cryptocurrency.swift; sourceTree = "<group>"; };
		7356DA2323830A92002A5BE9 /* ItemsViewModel.swift */ = {isa = PBXFileReference; lastKnownFileType = sourcecode.swift; path = ItemsViewModel.swift; sourceTree = "<group>"; };
		7356DA2C2383310D002A5BE9 /* Item.swift */ = {isa = PBXFileReference; lastKnownFileType = sourcecode.swift; path = Item.swift; sourceTree = "<group>"; };
		7356DA3023833A4B002A5BE9 /* ItemView.swift */ = {isa = PBXFileReference; lastKnownFileType = sourcecode.swift; path = ItemView.swift; sourceTree = "<group>"; };
		7356DA3223833C8F002A5BE9 /* CoinbaseService.swift */ = {isa = PBXFileReference; lastKnownFileType = sourcecode.swift; path = CoinbaseService.swift; sourceTree = "<group>"; };
		735F595B23846CF8009D4829 /* Preferences.swift */ = {isa = PBXFileReference; lastKnownFileType = sourcecode.swift; path = Preferences.swift; sourceTree = "<group>"; };
		735F595D23846E25009D4829 /* Currency.swift */ = {isa = PBXFileReference; lastKnownFileType = sourcecode.swift; path = Currency.swift; sourceTree = "<group>"; };
		7387D0E023805459007D4B18 /* CryptoStalker.app */ = {isa = PBXFileReference; explicitFileType = wrapper.application; includeInIndex = 0; path = CryptoStalker.app; sourceTree = BUILT_PRODUCTS_DIR; };
		7387D0E323805459007D4B18 /* AppDelegate.swift */ = {isa = PBXFileReference; lastKnownFileType = sourcecode.swift; path = AppDelegate.swift; sourceTree = "<group>"; };
		7387D0E523805459007D4B18 /* ContentView.swift */ = {isa = PBXFileReference; lastKnownFileType = sourcecode.swift; path = ContentView.swift; sourceTree = "<group>"; };
		7387D0E72380545B007D4B18 /* Assets.xcassets */ = {isa = PBXFileReference; lastKnownFileType = folder.assetcatalog; path = Assets.xcassets; sourceTree = "<group>"; };
		7387D0EA2380545B007D4B18 /* Preview Assets.xcassets */ = {isa = PBXFileReference; lastKnownFileType = folder.assetcatalog; path = "Preview Assets.xcassets"; sourceTree = "<group>"; };
		7387D0ED2380545B007D4B18 /* Base */ = {isa = PBXFileReference; lastKnownFileType = file.storyboard; name = Base; path = Base.lproj/Main.storyboard; sourceTree = "<group>"; };
		7387D0EF2380545B007D4B18 /* Info.plist */ = {isa = PBXFileReference; lastKnownFileType = text.plist.xml; path = Info.plist; sourceTree = "<group>"; };
		7387D0F02380545B007D4B18 /* CryptoStalker.entitlements */ = {isa = PBXFileReference; lastKnownFileType = text.plist.entitlements; path = CryptoStalker.entitlements; sourceTree = "<group>"; };
		738F50B623892D2C001B42D4 /* Helper.swift */ = {isa = PBXFileReference; lastKnownFileType = sourcecode.swift; path = Helper.swift; sourceTree = "<group>"; };
		73E56A9A23874DD400FC951C /* SettingView.swift */ = {isa = PBXFileReference; lastKnownFileType = sourcecode.swift; path = SettingView.swift; sourceTree = "<group>"; };
		73ECE3842385F76300A8DD2E /* PreferencesViewModel.swift */ = {isa = PBXFileReference; lastKnownFileType = sourcecode.swift; path = PreferencesViewModel.swift; sourceTree = "<group>"; };
/* End PBXFileReference section */

/* Begin PBXFrameworksBuildPhase section */
		7387D0DD23805459007D4B18 /* Frameworks */ = {
			isa = PBXFrameworksBuildPhase;
			buildActionMask = 2147483647;
			files = (
			);
			runOnlyForDeploymentPostprocessing = 0;
		};
/* End PBXFrameworksBuildPhase section */

/* Begin PBXGroup section */
		7356DA29238330CE002A5BE9 /* View */ = {
			isa = PBXGroup;
			children = (
				7387D0E523805459007D4B18 /* ContentView.swift */,
				7356DA3023833A4B002A5BE9 /* ItemView.swift */,
				73E56A9A23874DD400FC951C /* SettingView.swift */,
			);
			path = View;
			sourceTree = "<group>";
		};
		7356DA2A238330D6002A5BE9 /* Model */ = {
			isa = PBXGroup;
			children = (
				7356DA2C2383310D002A5BE9 /* Item.swift */,
			);
			path = Model;
			sourceTree = "<group>";
		};
		7356DA2B238330E6002A5BE9 /* ViewModel */ = {
			isa = PBXGroup;
			children = (
				7356DA2323830A92002A5BE9 /* ItemsViewModel.swift */,
				73ECE3842385F76300A8DD2E /* PreferencesViewModel.swift */,
			);
			path = ViewModel;
			sourceTree = "<group>";
		};
		7356DA2E2383315D002A5BE9 /* Services */ = {
			isa = PBXGroup;
			children = (
				7356DA1F238306AD002A5BE9 /* CoinMarketCapService.swift */,
				7356DA3223833C8F002A5BE9 /* CoinbaseService.swift */,
			);
			path = Services;
			sourceTree = "<group>";
		};
		7356DA2F23833179002A5BE9 /* Enum */ = {
			isa = PBXGroup;
			children = (
				7356DA2123830779002A5BE9 /* Cryptocurrency.swift */,
				735F595D23846E25009D4829 /* Currency.swift */,
			);
			path = Enum;
			sourceTree = "<group>";
		};
		7387D0D723805459007D4B18 = {
			isa = PBXGroup;
			children = (
				7387D0E223805459007D4B18 /* CryptoStalker */,
				7387D0E123805459007D4B18 /* Products */,
			);
			sourceTree = "<group>";
		};
		7387D0E123805459007D4B18 /* Products */ = {
			isa = PBXGroup;
			children = (
				7387D0E023805459007D4B18 /* CryptoStalker.app */,
			);
			name = Products;
			sourceTree = "<group>";
		};
		7387D0E223805459007D4B18 /* CryptoStalker */ = {
			isa = PBXGroup;
			children = (
				7356DA2F23833179002A5BE9 /* Enum */,
				7356DA2E2383315D002A5BE9 /* Services */,
				7356DA2B238330E6002A5BE9 /* ViewModel */,
				7356DA2A238330D6002A5BE9 /* Model */,
				7356DA29238330CE002A5BE9 /* View */,
				7387D0E323805459007D4B18 /* AppDelegate.swift */,
				738F50B623892D2C001B42D4 /* Helper.swift */,
				735F595B23846CF8009D4829 /* Preferences.swift */,
				7387D0E72380545B007D4B18 /* Assets.xcassets */,
				7387D0EC2380545B007D4B18 /* Main.storyboard */,
				7387D0EF2380545B007D4B18 /* Info.plist */,
				7387D0F02380545B007D4B18 /* CryptoStalker.entitlements */,
				7387D0E92380545B007D4B18 /* Preview Content */,
			);
			path = CryptoStalker;
			sourceTree = "<group>";
		};
		7387D0E92380545B007D4B18 /* Preview Content */ = {
			isa = PBXGroup;
			children = (
				7387D0EA2380545B007D4B18 /* Preview Assets.xcassets */,
			);
			path = "Preview Content";
			sourceTree = "<group>";
		};
/* End PBXGroup section */

/* Begin PBXNativeTarget section */
		7387D0DF23805459007D4B18 /* CryptoStalker */ = {
			isa = PBXNativeTarget;
			buildConfigurationList = 7387D0F32380545B007D4B18 /* Build configuration list for PBXNativeTarget "CryptoStalker" */;
			buildPhases = (
				7387D0DC23805459007D4B18 /* Sources */,
				7387D0DD23805459007D4B18 /* Frameworks */,
				7387D0DE23805459007D4B18 /* Resources */,
			);
			buildRules = (
			);
			dependencies = (
			);
			name = CryptoStalker;
			productName = CryptoStalker;
			productReference = 7387D0E023805459007D4B18 /* CryptoStalker.app */;
			productType = "com.apple.product-type.application";
		};
/* End PBXNativeTarget section */

/* Begin PBXProject section */
		7387D0D823805459007D4B18 /* Project object */ = {
			isa = PBXProject;
			attributes = {
				LastSwiftUpdateCheck = 1120;
				LastUpgradeCheck = 1120;
				ORGANIZATIONNAME = "Daniel Hladík";
				TargetAttributes = {
					7387D0DF23805459007D4B18 = {
						CreatedOnToolsVersion = 11.2.1;
					};
				};
			};
			buildConfigurationList = 7387D0DB23805459007D4B18 /* Build configuration list for PBXProject "CryptoStalker" */;
			compatibilityVersion = "Xcode 9.3";
			developmentRegion = en;
			hasScannedForEncodings = 0;
			knownRegions = (
				en,
				Base,
			);
			mainGroup = 7387D0D723805459007D4B18;
			productRefGroup = 7387D0E123805459007D4B18 /* Products */;
			projectDirPath = "";
			projectRoot = "";
			targets = (
				7387D0DF23805459007D4B18 /* CryptoStalker */,
			);
		};
/* End PBXProject section */

/* Begin PBXResourcesBuildPhase section */
		7387D0DE23805459007D4B18 /* Resources */ = {
			isa = PBXResourcesBuildPhase;
			buildActionMask = 2147483647;
			files = (
				7387D0EE2380545B007D4B18 /* Main.storyboard in Resources */,
				7387D0EB2380545B007D4B18 /* Preview Assets.xcassets in Resources */,
				7387D0E82380545B007D4B18 /* Assets.xcassets in Resources */,
			);
			runOnlyForDeploymentPostprocessing = 0;
		};
/* End PBXResourcesBuildPhase section */

/* Begin PBXSourcesBuildPhase section */
		7387D0DC23805459007D4B18 /* Sources */ = {
			isa = PBXSourcesBuildPhase;
			buildActionMask = 2147483647;
			files = (
				7356DA2223830779002A5BE9 /* Cryptocurrency.swift in Sources */,
				7356DA20238306AD002A5BE9 /* CoinMarketCapService.swift in Sources */,
				7387D0E623805459007D4B18 /* ContentView.swift in Sources */,
				7356DA2423830A92002A5BE9 /* ItemsViewModel.swift in Sources */,
				7356DA3123833A4B002A5BE9 /* ItemView.swift in Sources */,
				7356DA3323833C8F002A5BE9 /* CoinbaseService.swift in Sources */,
				7356DA2D2383310D002A5BE9 /* Item.swift in Sources */,
				73ECE3852385F76300A8DD2E /* PreferencesViewModel.swift in Sources */,
				7387D0E423805459007D4B18 /* AppDelegate.swift in Sources */,
				73E56A9B23874DD400FC951C /* SettingView.swift in Sources */,
				738F50B723892D2C001B42D4 /* Helper.swift in Sources */,
				735F595E23846E25009D4829 /* Currency.swift in Sources */,
				735F595C23846CF8009D4829 /* Preferences.swift in Sources */,
			);
			runOnlyForDeploymentPostprocessing = 0;
		};
/* End PBXSourcesBuildPhase section */

/* Begin PBXVariantGroup section */
		7387D0EC2380545B007D4B18 /* Main.storyboard */ = {
			isa = PBXVariantGroup;
			children = (
				7387D0ED2380545B007D4B18 /* Base */,
			);
			name = Main.storyboard;
			sourceTree = "<group>";
		};
/* End PBXVariantGroup section */

/* Begin XCBuildConfiguration section */
		7387D0F12380545B007D4B18 /* Debug */ = {
			isa = XCBuildConfiguration;
			buildSettings = {
				ALWAYS_SEARCH_USER_PATHS = NO;
				CLANG_ANALYZER_NONNULL = YES;
				CLANG_ANALYZER_NUMBER_OBJECT_CONVERSION = YES_AGGRESSIVE;
				CLANG_CXX_LANGUAGE_STANDARD = "gnu++14";
				CLANG_CXX_LIBRARY = "libc++";
				CLANG_ENABLE_MODULES = YES;
				CLANG_ENABLE_OBJC_ARC = YES;
				CLANG_ENABLE_OBJC_WEAK = YES;
				CLANG_WARN_BLOCK_CAPTURE_AUTORELEASING = YES;
				CLANG_WARN_BOOL_CONVERSION = YES;
				CLANG_WARN_COMMA = YES;
				CLANG_WARN_CONSTANT_CONVERSION = YES;
				CLANG_WARN_DEPRECATED_OBJC_IMPLEMENTATIONS = YES;
				CLANG_WARN_DIRECT_OBJC_ISA_USAGE = YES_ERROR;
				CLANG_WARN_DOCUMENTATION_COMMENTS = YES;
				CLANG_WARN_EMPTY_BODY = YES;
				CLANG_WARN_ENUM_CONVERSION = YES;
				CLANG_WARN_INFINITE_RECURSION = YES;
				CLANG_WARN_INT_CONVERSION = YES;
				CLANG_WARN_NON_LITERAL_NULL_CONVERSION = YES;
				CLANG_WARN_OBJC_IMPLICIT_RETAIN_SELF = YES;
				CLANG_WARN_OBJC_LITERAL_CONVERSION = YES;
				CLANG_WARN_OBJC_ROOT_CLASS = YES_ERROR;
				CLANG_WARN_RANGE_LOOP_ANALYSIS = YES;
				CLANG_WARN_STRICT_PROTOTYPES = YES;
				CLANG_WARN_SUSPICIOUS_MOVE = YES;
				CLANG_WARN_UNGUARDED_AVAILABILITY = YES_AGGRESSIVE;
				CLANG_WARN_UNREACHABLE_CODE = YES;
				CLANG_WARN__DUPLICATE_METHOD_MATCH = YES;
				COPY_PHASE_STRIP = NO;
				DEBUG_INFORMATION_FORMAT = dwarf;
				ENABLE_STRICT_OBJC_MSGSEND = YES;
				ENABLE_TESTABILITY = YES;
				GCC_C_LANGUAGE_STANDARD = gnu11;
				GCC_DYNAMIC_NO_PIC = NO;
				GCC_NO_COMMON_BLOCKS = YES;
				GCC_OPTIMIZATION_LEVEL = 0;
				GCC_PREPROCESSOR_DEFINITIONS = (
					"DEBUG=1",
					"$(inherited)",
				);
				GCC_WARN_64_TO_32_BIT_CONVERSION = YES;
				GCC_WARN_ABOUT_RETURN_TYPE = YES_ERROR;
				GCC_WARN_UNDECLARED_SELECTOR = YES;
				GCC_WARN_UNINITIALIZED_AUTOS = YES_AGGRESSIVE;
				GCC_WARN_UNUSED_FUNCTION = YES;
				GCC_WARN_UNUSED_VARIABLE = YES;
				MACOSX_DEPLOYMENT_TARGET = 10.15;
				MTL_ENABLE_DEBUG_INFO = INCLUDE_SOURCE;
				MTL_FAST_MATH = YES;
				ONLY_ACTIVE_ARCH = YES;
				SDKROOT = macosx;
				SWIFT_ACTIVE_COMPILATION_CONDITIONS = DEBUG;
				SWIFT_OPTIMIZATION_LEVEL = "-Onone";
			};
			name = Debug;
		};
		7387D0F22380545B007D4B18 /* Release */ = {
			isa = XCBuildConfiguration;
			buildSettings = {
				ALWAYS_SEARCH_USER_PATHS = NO;
				CLANG_ANALYZER_NONNULL = YES;
				CLANG_ANALYZER_NUMBER_OBJECT_CONVERSION = YES_AGGRESSIVE;
				CLANG_CXX_LANGUAGE_STANDARD = "gnu++14";
				CLANG_CXX_LIBRARY = "libc++";
				CLANG_ENABLE_MODULES = YES;
				CLANG_ENABLE_OBJC_ARC = YES;
				CLANG_ENABLE_OBJC_WEAK = YES;
				CLANG_WARN_BLOCK_CAPTURE_AUTORELEASING = YES;
				CLANG_WARN_BOOL_CONVERSION = YES;
				CLANG_WARN_COMMA = YES;
				CLANG_WARN_CONSTANT_CONVERSION = YES;
				CLANG_WARN_DEPRECATED_OBJC_IMPLEMENTATIONS = YES;
				CLANG_WARN_DIRECT_OBJC_ISA_USAGE = YES_ERROR;
				CLANG_WARN_DOCUMENTATION_COMMENTS = YES;
				CLANG_WARN_EMPTY_BODY = YES;
				CLANG_WARN_ENUM_CONVERSION = YES;
				CLANG_WARN_INFINITE_RECURSION = YES;
				CLANG_WARN_INT_CONVERSION = YES;
				CLANG_WARN_NON_LITERAL_NULL_CONVERSION = YES;
				CLANG_WARN_OBJC_IMPLICIT_RETAIN_SELF = YES;
				CLANG_WARN_OBJC_LITERAL_CONVERSION = YES;
				CLANG_WARN_OBJC_ROOT_CLASS = YES_ERROR;
				CLANG_WARN_RANGE_LOOP_ANALYSIS = YES;
				CLANG_WARN_STRICT_PROTOTYPES = YES;
				CLANG_WARN_SUSPICIOUS_MOVE = YES;
				CLANG_WARN_UNGUARDED_AVAILABILITY = YES_AGGRESSIVE;
				CLANG_WARN_UNREACHABLE_CODE = YES;
				CLANG_WARN__DUPLICATE_METHOD_MATCH = YES;
				COPY_PHASE_STRIP = NO;
				DEBUG_INFORMATION_FORMAT = "dwarf-with-dsym";
				ENABLE_NS_ASSERTIONS = NO;
				ENABLE_STRICT_OBJC_MSGSEND = YES;
				GCC_C_LANGUAGE_STANDARD = gnu11;
				GCC_NO_COMMON_BLOCKS = YES;
				GCC_WARN_64_TO_32_BIT_CONVERSION = YES;
				GCC_WARN_ABOUT_RETURN_TYPE = YES_ERROR;
				GCC_WARN_UNDECLARED_SELECTOR = YES;
				GCC_WARN_UNINITIALIZED_AUTOS = YES_AGGRESSIVE;
				GCC_WARN_UNUSED_FUNCTION = YES;
				GCC_WARN_UNUSED_VARIABLE = YES;
				MACOSX_DEPLOYMENT_TARGET = 10.15;
				MTL_ENABLE_DEBUG_INFO = NO;
				MTL_FAST_MATH = YES;
				SDKROOT = macosx;
				SWIFT_COMPILATION_MODE = wholemodule;
				SWIFT_OPTIMIZATION_LEVEL = "-O";
			};
			name = Release;
		};
		7387D0F42380545B007D4B18 /* Debug */ = {
			isa = XCBuildConfiguration;
			buildSettings = {
				ASSETCATALOG_COMPILER_APPICON_NAME = AppIcon;
				CODE_SIGN_ENTITLEMENTS = CryptoStalker/CryptoStalker.entitlements;
				CODE_SIGN_STYLE = Automatic;
				COMBINE_HIDPI_IMAGES = YES;
				DEVELOPMENT_ASSET_PATHS = "\"CryptoStalker/Preview Content\"";
				DEVELOPMENT_TEAM = 4LA8SY4H95;
				ENABLE_HARDENED_RUNTIME = YES;
				ENABLE_PREVIEWS = YES;
				INFOPLIST_FILE = CryptoStalker/Info.plist;
				LD_RUNPATH_SEARCH_PATHS = (
					"$(inherited)",
					"@executable_path/../Frameworks",
				);
				MACOSX_DEPLOYMENT_TARGET = 10.15;
				MARKETING_VERSION = 0.1;
				PRODUCT_BUNDLE_IDENTIFIER = com.hladik.CryptoStalker;
				PRODUCT_NAME = "$(TARGET_NAME)";
				SWIFT_VERSION = 5.0;
			};
			name = Debug;
		};
		7387D0F52380545B007D4B18 /* Release */ = {
			isa = XCBuildConfiguration;
			buildSettings = {
				ASSETCATALOG_COMPILER_APPICON_NAME = AppIcon;
				CODE_SIGN_ENTITLEMENTS = CryptoStalker/CryptoStalker.entitlements;
				CODE_SIGN_STYLE = Automatic;
				COMBINE_HIDPI_IMAGES = YES;
				DEVELOPMENT_ASSET_PATHS = "\"CryptoStalker/Preview Content\"";
				DEVELOPMENT_TEAM = 4LA8SY4H95;
				ENABLE_HARDENED_RUNTIME = YES;
				ENABLE_PREVIEWS = YES;
				INFOPLIST_FILE = CryptoStalker/Info.plist;
				LD_RUNPATH_SEARCH_PATHS = (
					"$(inherited)",
					"@executable_path/../Frameworks",
				);
				MACOSX_DEPLOYMENT_TARGET = 10.15;
				MARKETING_VERSION = 0.1;
				PRODUCT_BUNDLE_IDENTIFIER = com.hladik.CryptoStalker;
				PRODUCT_NAME = "$(TARGET_NAME)";
				SWIFT_VERSION = 5.0;
			};
			name = Release;
		};
/* End XCBuildConfiguration section */

/* Begin XCConfigurationList section */
		7387D0DB23805459007D4B18 /* Build configuration list for PBXProject "CryptoStalker" */ = {
			isa = XCConfigurationList;
			buildConfigurations = (
				7387D0F12380545B007D4B18 /* Debug */,
				7387D0F22380545B007D4B18 /* Release */,
			);
			defaultConfigurationIsVisible = 0;
			defaultConfigurationName = Release;
		};
		7387D0F32380545B007D4B18 /* Build configuration list for PBXNativeTarget "CryptoStalker" */ = {
			isa = XCConfigurationList;
			buildConfigurations = (
				7387D0F42380545B007D4B18 /* Debug */,
				7387D0F52380545B007D4B18 /* Release */,
			);
			defaultConfigurationIsVisible = 0;
			defaultConfigurationName = Release;
		};
/* End XCConfigurationList section */
	};
	rootObject = 7387D0D823805459007D4B18 /* Project object */;
}
